Microsoft Visual Studio Solution File, Format Version 12.00
# Visual Studio 2012
Project("{FAE04EC0-301F-11D3-BF4B-00C04F79EFBC}") = "WanFang.BLL", "WanFang.BLL\WanFang.BLL.csproj", "{6BF2BD19-7878-437A-BC42-DBD0646A1BAC}"
	ProjectSection(ProjectDependencies) = postProject
		{3A850565-71B6-4B0C-B255-2D2A57E37B8B} = {3A850565-71B6-4B0C-B255-2D2A57E37B8B}
	EndProjectSection
EndProject
Project("{FAE04EC0-301F-11D3-BF4B-00C04F79EFBC}") = "WanFang.DAL", "WanFang.DAL\WanFang.DAL.csproj", "{D769096B-0A8D-4C48-BF96-C1F84F02C312}"
	ProjectSection(ProjectDependencies) = postProject
		{3A850565-71B6-4B0C-B255-2D2A57E37B8B} = {3A850565-71B6-4B0C-B255-2D2A57E37B8B}
	EndProjectSection
EndProject
Project("{FAE04EC0-301F-11D3-BF4B-00C04F79EFBC}") = "Rest.Core", "Rest.Core\Rest.Core.csproj", "{3A850565-71B6-4B0C-B255-2D2A57E37B8B}"
EndProject
Project("{FAE04EC0-301F-11D3-BF4B-00C04F79EFBC}") = "WanFang.Domain", "WanFang.Domain\WanFang.Domain.csproj", "{527FE3A5-3A71-4AB7-86F9-3A6B48ADD98E}"
	ProjectSection(ProjectDependencies) = postProject
		{3A850565-71B6-4B0C-B255-2D2A57E37B8B} = {3A850565-71B6-4B0C-B255-2D2A57E37B8B}
	EndProjectSection
EndProject
Project("{FAE04EC0-301F-11D3-BF4B-00C04F79EFBC}") = "WanFang.Core", "WanFang.Core\WanFang.Core.csproj", "{8FFF0967-6CDC-404D-A0F8-1D2D75756E9B}"
EndProject
Project("{FAE04EC0-301F-11D3-BF4B-00C04F79EFBC}") = "WanFang.Website", "WanFang.Website\WanFang.Website.csproj", "{7472181A-EAAB-4364-B606-F657B7F4A0A9}"
EndProject
Project("{FAE04EC0-301F-11D3-BF4B-00C04F79EFBC}") = "zUnitTest.RestCore", "..\Wanfang_TSG\UnitTest.Rest.Core\zUnitTest.RestCore.csproj", "{2DD7D94B-D64B-46EE-A117-2F1359B76A75}"
EndProject
Global
	GlobalSection(TestCaseManagementSettings) = postSolution
		CategoryFile = 4444.vsmdi
	EndGlobalSection
	GlobalSection(SolutionConfigurationPlatforms) = preSolution
		Debug|Any CPU = Debug|Any CPU
		Debug|x86 = Debug|x86
		Release|Any CPU = Release|Any CPU
		Release|x86 = Release|x86
	EndGlobalSection
	GlobalSection(ProjectConfigurationPlatforms) = postSolution
		{6BF2BD19-7878-437A-BC42-DBD0646A1BAC}.Debug|Any CPU.ActiveCfg = Debug|Any CPU
		{6BF2BD19-7878-437A-BC42-DBD0646A1BAC}.Debug|Any CPU.Build.0 = Debug|Any CPU
		{6BF2BD19-7878-437A-BC42-DBD0646A1BAC}.Debug|x86.ActiveCfg = Debug|Any CPU
		{6BF2BD19-7878-437A-BC42-DBD0646A1BAC}.Release|Any CPU.ActiveCfg = Release|Any CPU
		{6BF2BD19-7878-437A-BC42-DBD0646A1BAC}.Release|Any CPU.Build.0 = Release|Any CPU
		{6BF2BD19-7878-437A-BC42-DBD0646A1BAC}.Release|x86.ActiveCfg = Release|Any CPU
		{D769096B-0A8D-4C48-BF96-C1F84F02C312}.Debug|Any CPU.ActiveCfg = Debug|Any CPU
		{D769096B-0A8D-4C48-BF96-C1F84F02C312}.Debug|Any CPU.Build.0 = Debug|Any CPU
		{D769096B-0A8D-4C48-BF96-C1F84F02C312}.Debug|x86.ActiveCfg = Debug|Any CPU
		{D769096B-0A8D-4C48-BF96-C1F84F02C312}.Release|Any CPU.ActiveCfg = Release|Any CPU
		{D769096B-0A8D-4C48-BF96-C1F84F02C312}.Release|Any CPU.Build.0 = Release|Any CPU
		{D769096B-0A8D-4C48-BF96-C1F84F02C312}.Release|x86.ActiveCfg = Release|Any CPU
		{3A850565-71B6-4B0C-B255-2D2A57E37B8B}.Debug|Any CPU.ActiveCfg = Debug|Any CPU
		{3A850565-71B6-4B0C-B255-2D2A57E37B8B}.Debug|Any CPU.Build.0 = Debug|Any CPU
		{3A850565-71B6-4B0C-B255-2D2A57E37B8B}.Debug|x86.ActiveCfg = Debug|Any CPU
		{3A850565-71B6-4B0C-B255-2D2A57E37B8B}.Release|Any CPU.ActiveCfg = Release|Any CPU
		{3A850565-71B6-4B0C-B255-2D2A57E37B8B}.Release|Any CPU.Build.0 = Release|Any CPU
		{3A850565-71B6-4B0C-B255-2D2A57E37B8B}.Release|x86.ActiveCfg = Release|Any CPU
		{527FE3A5-3A71-4AB7-86F9-3A6B48ADD98E}.Debug|Any CPU.ActiveCfg = Debug|Any CPU
		{527FE3A5-3A71-4AB7-86F9-3A6B48ADD98E}.Debug|Any CPU.Build.0 = Debug|Any CPU
		{527FE3A5-3A71-4AB7-86F9-3A6B48ADD98E}.Debug|x86.ActiveCfg = Debug|Any CPU
		{527FE3A5-3A71-4AB7-86F9-3A6B48ADD98E}.Release|Any CPU.ActiveCfg = Release|Any CPU
		{527FE3A5-3A71-4AB7-86F9-3A6B48ADD98E}.Release|Any CPU.Build.0 = Release|Any CPU
		{527FE3A5-3A71-4AB7-86F9-3A6B48ADD98E}.Release|x86.ActiveCfg = Release|Any CPU
		{8FFF0967-6CDC-404D-A0F8-1D2D75756E9B}.Debug|Any CPU.ActiveCfg = Debug|Any CPU
		{8FFF0967-6CDC-404D-A0F8-1D2D75756E9B}.Debug|Any CPU.Build.0 = Debug|Any CPU
		{8FFF0967-6CDC-404D-A0F8-1D2D75756E9B}.Debug|x86.ActiveCfg = Debug|x86
		{8FFF0967-6CDC-404D-A0F8-1D2D75756E9B}.Debug|x86.Build.0 = Debug|x86
		{8FFF0967-6CDC-404D-A0F8-1D2D75756E9B}.Release|Any CPU.ActiveCfg = Release|Any CPU
		{8FFF0967-6CDC-404D-A0F8-1D2D75756E9B}.Release|Any CPU.Build.0 = Release|Any CPU
		{8FFF0967-6CDC-404D-A0F8-1D2D75756E9B}.Release|x86.ActiveCfg = Release|x86
		{8FFF0967-6CDC-404D-A0F8-1D2D75756E9B}.Release|x86.Build.0 = Release|x86
		{7472181A-EAAB-4364-B606-F657B7F4A0A9}.Debug|Any CPU.ActiveCfg = Debug|Any CPU
		{7472181A-EAAB-4364-B606-F657B7F4A0A9}.Debug|Any CPU.Build.0 = Debug|Any CPU
		{7472181A-EAAB-4364-B606-F657B7F4A0A9}.Debug|x86.ActiveCfg = Debug|Any CPU
		{7472181A-EAAB-4364-B606-F657B7F4A0A9}.Release|Any CPU.ActiveCfg = Release|Any CPU
		{7472181A-EAAB-4364-B606-F657B7F4A0A9}.Release|Any CPU.Build.0 = Release|Any CPU
		{7472181A-EAAB-4364-B606-F657B7F4A0A9}.Release|x86.ActiveCfg = Release|Any CPU
		{2DD7D94B-D64B-46EE-A117-2F1359B76A75}.Debug|Any CPU.ActiveCfg = Debug|Any CPU
		{2DD7D94B-D64B-46EE-A117-2F1359B76A75}.Debug|Any CPU.Build.0 = Debug|Any CPU
		{2DD7D94B-D64B-46EE-A117-2F1359B76A75}.Debug|x86.ActiveCfg = Debug|Any CPU
		{2DD7D94B-D64B-46EE-A117-2F1359B76A75}.Release|Any CPU.ActiveCfg = Release|Any CPU
		{2DD7D94B-D64B-46EE-A117-2F1359B76A75}.Release|Any CPU.Build.0 = Release|Any CPU
		{2DD7D94B-D64B-46EE-A117-2F1359B76A75}.Release|x86.ActiveCfg = Release|Any CPU
	EndGlobalSection
	GlobalSection(SolutionProperties) = preSolution
		HideSolutionNode = FALSE
	EndGlobalSection
EndGlobal
